// !$*UTF8*$!
{
	archiveVersion = 1;
	classes = {
	};
	objectVersion = 46;
	objects = {

/* Begin PBXBuildFile section */
		F4A20BAF1D504F760080CB21 /* main.m in Sources */ = {isa = PBXBuildFile; fileRef = F4A20BAE1D504F760080CB21 /* main.m */; };
		F4A20BB21D504F760080CB21 /* AppDelegate.m in Sources */ = {isa = PBXBuildFile; fileRef = F4A20BB11D504F760080CB21 /* AppDelegate.m */; };
		F4A20BB51D504F760080CB21 /* ViewController.m in Sources */ = {isa = PBXBuildFile; fileRef = F4A20BB41D504F760080CB21 /* ViewController.m */; };
		F4A20BB81D504F760080CB21 /* Main.storyboard in Resources */ = {isa = PBXBuildFile; fileRef = F4A20BB61D504F760080CB21 /* Main.storyboard */; };
		F4A20BBA1D504F760080CB21 /* Assets.xcassets in Resources */ = {isa = PBXBuildFile; fileRef = F4A20BB91D504F760080CB21 /* Assets.xcassets */; };
		F4A20BBD1D504F760080CB21 /* LaunchScreen.storyboard in Resources */ = {isa = PBXBuildFile; fileRef = F4A20BBB1D504F760080CB21 /* LaunchScreen.storyboard */; };
/* End PBXBuildFile section */

/* Begin PBXFileReference section */
		F4A20BAA1D504F760080CB21 /* SVPullToRefreshTest.app */ = {isa = PBXFileReference; explicitFileType = wrapper.application; includeInIndex = 0; path = SVPullToRefreshTest.app; sourceTree = BUILT_PRODUCTS_DIR; };
		F4A20BAE1D504F760080CB21 /* main.m */ = {isa = PBXFileReference; lastKnownFileType = sourcecode.c.objc; path = main.m; sourceTree = "<group>"; };
		F4A20BB01D504F760080CB21 /* AppDelegate.h */ = {isa = PBXFileReference; lastKnownFileType = sourcecode.c.h; path = AppDelegate.h; sourceTree = "<group>"; };
		F4A20BB11D504F760080CB21 /* AppDelegate.m */ = {isa = PBXFileReference; lastKnownFileType = sourcecode.c.objc; path = AppDelegate.m; sourceTree = "<group>"; };
		F4A20BB31D504F760080CB21 /* ViewController.h */ = {isa = PBXFileReference; lastKnownFileType = sourcecode.c.h; path = ViewController.h; sourceTree = "<group>"; };
		F4A20BB41D504F760080CB21 /* ViewController.m */ = {isa = PBXFileReference; lastKnownFileType = sourcecode.c.objc; path = ViewController.m; sourceTree = "<group>"; };
		F4A20BB71D504F760080CB21 /* Base */ = {isa = PBXFileReference; lastKnownFileType = file.storyboard; name = Base; path = Base.lproj/Main.storyboard; sourceTree = "<group>"; };
		F4A20BB91D504F760080CB21 /* Assets.xcassets */ = {isa = PBXFileReference; lastKnownFileType = folder.assetcatalog; path = Assets.xcassets; sourceTree = "<group>"; };
		F4A20BBC1D504F760080CB21 /* Base */ = {isa = PBXFileReference; lastKnownFileType = file.storyboard; name = Base; path = Base.lproj/LaunchScreen.storyboard; sourceTree = "<group>"; };
		F4A20BBE1D504F760080CB21 /* Info.plist */ = {isa = PBXFileReference; lastKnownFileType = text.plist.xml; path = Info.plist; sourceTree = "<group>"; };
/* End PBXFileReference section */

/* Begin PBXFrameworksBuildPhase section */
		F4A20BA71D504F760080CB21 /* Frameworks */ = {
			isa = PBXFrameworksBuildPhase;
			buildActionMask = 2147483647;
			files = (
			);
			runOnlyForDeploymentPostprocessing = 0;
		};
/* End PBXFrameworksBuildPhase section */

/* Begin PBXGroup section */
		F4A20BA11D504F760080CB21 = {
			isa = PBXGroup;
			children = (
				F4A20BAC1D504F760080CB21 /* SVPullToRefreshTest */,
				F4A20BAB1D504F760080CB21 /* Products */,
			);
			sourceTree = "<group>";
		};
		F4A20BAB1D504F760080CB21 /* Products */ = {
			isa = PBXGroup;
			children = (
				F4A20BAA1D504F760080CB21 /* SVPullToRefreshTest.app */,
			);
			name = Products;
			sourceTree = "<group>";
		};
		F4A20BAC1D504F760080CB21 /* SVPullToRefreshTest */ = {
			isa = PBXGroup;
			children = (
				F4A20BB01D504F760080CB21 /* AppDelegate.h */,
				F4A20BB11D504F760080CB21 /* AppDelegate.m */,
				F4A20BB31D504F760080CB21 /* ViewController.h */,
				F4A20BB41D504F760080CB21 /* ViewController.m */,
				F4A20BB61D504F760080CB21 /* Main.storyboard */,
				F4A20BB91D504F760080CB21 /* Assets.xcassets */,
				F4A20BBB1D504F760080CB21 /* LaunchScreen.storyboard */,
				F4A20BBE1D504F760080CB21 /* Info.plist */,
				F4A20BAD1D504F760080CB21 /* Supporting Files */,
			);
			path = SVPullToRefreshTest;
			sourceTree = "<group>";
		};
		F4A20BAD1D504F760080CB21 /* Supporting Files */ = {
			isa = PBXGroup;
			children = (
				F4A20BAE1D504F760080CB21 /* main.m */,
			);
			name = "Supporting Files";
			sourceTree = "<group>";
		};
/* End PBXGroup section */

/* Begin PBXNativeTarget section */
		F4A20BA91D504F760080CB21 /* SVPullToRefreshTest */ = {
			isa = PBXNativeTarget;
			buildConfigurationList = F4A20BC11D504F760080CB21 /* Build configuration list for PBXNativeTarget "SVPullToRefreshTest" */;
			buildPhases = (
				F4A20BA61D504F760080CB21 /* Sources */,
				F4A20BA71D504F760080CB21 /* Frameworks */,
				F4A20BA81D504F760080CB21 /* Resources */,
			);
			buildRules = (
			);
			dependencies = (
			);
			name = SVPullToRefreshTest;
			productName = SVPullToRefreshTest;
			productReference = F4A20BAA1D504F760080CB21 /* SVPullToRefreshTest.app */;
			productType = "com.apple.product-type.application";
		};
/* End PBXNativeTarget section */

/* Begin PBXProject section */
		F4A20BA21D504F760080CB21 /* Project object */ = {
			isa = PBXProject;
			attributes = {
				LastUpgradeCheck = 0730;
				TargetAttributes = {
					F4A20BA91D504F760080CB21 = {
						CreatedOnToolsVersion = 7.3.1;
					};
				};
			};
			buildConfigurationList = F4A20BA51D504F760080CB21 /* Build configuration list for PBXProject "SVPullToRefreshTest" */;
			compatibilityVersion = "Xcode 3.2";
			developmentRegion = English;
			hasScannedForEncodings = 0;
			knownRegions = (
				en,
				Base,
			);
			mainGroup = F4A20BA11D504F760080CB21;
			productRefGroup = F4A20BAB1D504F760080CB21 /* Products */;
			projectDirPath = "";
			projectRoot = "";
			targets = (
				F4A20BA91D504F760080CB21 /* SVPullToRefreshTest */,
			);
		};
/* End PBXProject section */

/* Begin PBXResourcesBuildPhase section */
		F4A20BA81D504F760080CB21 /* Resources */ = {
			isa = PBXResourcesBuildPhase;
			buildActionMask = 2147483647;
			files = (
				F4A20BBD1D504F760080CB21 /* LaunchScreen.storyboard in Resources */,
				F4A20BBA1D504F760080CB21 /* Assets.xcassets in Resources */,
				F4A20BB81D504F760080CB21 /* Main.storyboard in Resources */,
			);
			runOnlyForDeploymentPostprocessing = 0;
		};
/* End PBXResourcesBuildPhase section */

/* Begin PBXSourcesBuildPhase section */
		F4A20BA61D504F760080CB21 /* Sources */ = {
			isa = PBXSourcesBuildPhase;
			buildActionMask = 2147483647;
			files = (
				F4A20BB51D504F760080CB21 /* ViewController.m in Sources */,
				F4A20BB21D504F760080CB21 /* AppDelegate.m in Sources */,
				F4A20BAF1D504F760080CB21 /* main.m in Sources */,
			);
			runOnlyForDeploymentPostprocessing = 0;
		};
/* End PBXSourcesBuildPhase section */

/* Begin PBXVariantGroup section */
		F4A20BB61D504F760080CB21 /* Main.storyboard */ = {
			isa = PBXVariantGroup;
			children = (
				F4A20BB71D504F760080CB21 /* Base */,
			);
			name = Main.storyboard;
			sourceTree = "<group>";
		};
		F4A20BBB1D504F760080CB21 /* LaunchScreen.storyboard */ = {
			isa = PBXVariantGroup;
			children = (
				F4A20BBC1D504F760080CB21 /* Base */,
			);
			name = LaunchScreen.storyboard;
			sourceTree = "<group>";
		};
/* End PBXVariantGroup section */

/* Begin XCBuildConfiguration section */
		F4A20BBF1D504F760080CB21 /* Debug */ = {
			isa = XCBuildConfiguration;
			buildSettings = {
				ALWAYS_SEARCH_USER_PATHS = NO;
				CLANG_ANALYZER_NONNULL = YES;
				CLANG_CXX_LANGUAGE_STANDARD = "gnu++0x";
				CLANG_CXX_LIBRARY = "libc++";
				CLANG_ENABLE_MODULES = YES;
				CLANG_ENABLE_OBJC_ARC = YES;
				CLANG_WARN_BOOL_CONVERSION = YES;
				CLANG_WARN_CONSTANT_CONVERSION = YES;
				CLANG_WARN_DIRECT_OBJC_ISA_USAGE = YES_ERROR;
				CLANG_WARN_EMPTY_BODY = YES;
				CLANG_WARN_ENUM_CONVERSION = YES;
				CLANG_WARN_INT_CONVERSION = YES;
				CLANG_WARN_OBJC_ROOT_CLASS = YES_ERROR;
				CLANG_WARN_UNREACHABLE_CODE = YES;
				CLANG_WARN__DUPLICATE_METHOD_MATCH = YES;
				"CODE_SIGN_IDENTITY[sdk=iphoneos*]" = "iPhone Developer";
				COPY_PHASE_STRIP = NO;
				DEBUG_INFORMATION_FORMAT = dwarf;
				ENABLE_STRICT_OBJC_MSGSEND = YES;
				ENABLE_TESTABILITY = YES;
				GCC_C_LANGUAGE_STANDARD = gnu99;
				GCC_DYNAMIC_NO_PIC = NO;
				GCC_NO_COMMON_BLOCKS = YES;
				GCC_OPTIMIZATION_LEVEL = 0;
				GCC_PREPROCESSOR_DEFINITIONS = (
					"DEBUG=1",
					"$(inherited)",
				);
				GCC_WARN_64_TO_32_BIT_CONVERSION = YES;
				GCC_WARN_ABOUT_RETURN_TYPE = YES_ERROR;
				GCC_WARN_UNDECLARED_SELECTOR = YES;
				GCC_WARN_UNINITIALIZED_AUTOS = YES_AGGRESSIVE;
				GCC_WARN_UNUSED_FUNCTION = YES;
				GCC_WARN_UNUSED_VARIABLE = YES;
				IPHONEOS_DEPLOYMENT_TARGET = 9.3;
				MTL_ENABLE_DEBUG_INFO = YES;
				ONLY_ACTIVE_ARCH = YES;
				SDKROOT = iphoneos;
			};
			name = Debug;
		};
		F4A20BC01D504F760080CB21 /* Release */ = {
			isa = XCBuildConfiguration;
			buildSettings = {
				ALWAYS_SEARCH_USER_PATHS = NO;
				CLANG_ANALYZER_NONNULL = YES;
				CLANG_CXX_LANGUAGE_STANDARD = "gnu++0x";
				CLANG_CXX_LIBRARY = "libc++";
				CLANG_ENABLE_MODULES = YES;
				CLANG_ENABLE_OBJC_ARC = YES;
				CLANG_WARN_BOOL_CONVERSION = YES;
				CLANG_WARN_CONSTANT_CONVERSION = YES;
				CLANG_WARN_DIRECT_OBJC_ISA_USAGE = YES_ERROR;
				CLANG_WARN_EMPTY_BODY = YES;
				CLANG_WARN_ENUM_CONVERSION = YES;
				CLANG_WARN_INT_CONVERSION = YES;
				CLANG_WARN_OBJC_ROOT_CLASS = YES_ERROR;
				CLANG_WARN_UNREACHABLE_CODE = YES;
				CLANG_WARN__DUPLICATE_METHOD_MATCH = YES;
				"CODE_SIGN_IDENTITY[sdk=iphoneos*]" = "iPhone Developer";
				COPY_PHASE_STRIP = NO;
				DEBUG_INFORMATION_FORMAT = "dwarf-with-dsym";
				ENABLE_NS_ASSERTIONS = NO;
				ENABLE_STRICT_OBJC_MSGSEND = YES;
				GCC_C_LANGUAGE_STANDARD = gnu99;
				GCC_NO_COMMON_BLOCKS = YES;
				GCC_WARN_64_TO_32_BIT_CONVERSION = YES;
				GCC_WARN_ABOUT_RETURN_TYPE = YES_ERROR;
				GCC_WARN_UNDECLARED_SELECTOR = YES;
				GCC_WARN_UNINITIALIZED_AUTOS = YES_AGGRESSIVE;
				GCC_WARN_UNUSED_FUNCTION = YES;
				GCC_WARN_UNUSED_VARIABLE = YES;
				IPHONEOS_DEPLOYMENT_TARGET = 9.3;
				MTL_ENABLE_DEBUG_INFO = NO;
				SDKROOT = iphoneos;
				VALIDATE_PRODUCT = YES;
			};
			name = Release;
		};
		F4A20BC21D504F760080CB21 /* Debug */ = {
			isa = XCBuildConfiguration;
			buildSettings = {
				ASSETCATALOG_COMPILER_APPICON_NAME = AppIcon;
				INFOPLIST_FILE = SVPullToRefreshTest/Info.plist;
				LD_RUNPATH_SEARCH_PATHS = "$(inherited) @executable_path/Frameworks";
				PRODUCT_BUNDLE_IDENTIFIER = com.jarvis.SVPullToRefreshTest;
				PRODUCT_NAME = "$(TARGET_NAME)";
			};
			name = Debug;
		};
		F4A20BC31D504F760080CB21 /* Release */ = {
			isa = XCBuildConfiguration;
			buildSettings = {
				ASSETCATALOG_COMPILER_APPICON_NAME = AppIcon;
				INFOPLIST_FILE = SVPullToRefreshTest/Info.plist;
				LD_RUNPATH_SEARCH_PATHS = "$(inherited) @executable_path/Frameworks";
				PRODUCT_BUNDLE_IDENTIFIER = com.jarvis.SVPullToRefreshTest;
				PRODUCT_NAME = "$(TARGET_NAME)";
			};
			name = Release;
		};
/* End XCBuildConfiguration section */

/* Begin XCConfigurationList section */
		F4A20BA51D504F760080CB21 /* Build configuration list for PBXProject "SVPullToRefreshTest" */ = {
			isa = XCConfigurationList;
			buildConfigurations = (
				F4A20BBF1D504F760080CB21 /* Debug */,
				F4A20BC01D504F760080CB21 /* Release */,
			);
			defaultConfigurationIsVisible = 0;
			defaultConfigurationName = Release;
		};
		F4A20BC11D504F760080CB21 /* Build configuration list for PBXNativeTarget "SVPullToRefreshTest" */ = {
			isa = XCConfigurationList;
			buildConfigurations = (
				F4A20BC21D504F760080CB21 /* Debug */,
				F4A20BC31D504F760080CB21 /* Release */,
			);
			defaultConfigurationIsVisible = 0;
		};
/* End XCConfigurationList section */
	};
	rootObject = F4A20BA21D504F760080CB21 /* Project object */;
}
